
Microsoft Visual Studio Solution File, Format Version 12.00
# Visual Studio Version 16
VisualStudioVersion = 25.0.1706.0
MinimumVisualStudioVersion = 10.0.40219.1
Project("{FAE04EC0-301F-11D3-BF4B-00C04F79EFBC}") = "BulkyWeb", "BulkyWeb\BulkyWeb.csproj", "{7B307686-7054-4422-9AA1-BF284949FCDE}"
EndProject
Project("{FAE04EC0-301F-11D3-BF4B-00C04F79EFBC}") = "Bulky.DataAccess", "Bulky.DataAccess\Bulky.DataAccess.csproj", "{7AC7CA5B-007F-43AE-A3F2-E3B2BA2C19CC}"
EndProject
Project("{FAE04EC0-301F-11D3-BF4B-00C04F79EFBC}") = "Bulky.Models", "Bulky.Models\Bulky.Models.csproj", "{9A2575DB-FB18-42EF-BB47-624486069583}"
EndProject
Project("{FAE04EC0-301F-11D3-BF4B-00C04F79EFBC}") = "Bulky.Utility", "Bulky.Utility\Bulky.Utility.csproj", "{0F642A08-5793-48D1-993D-EC1B5F76240C}"
EndProject
Global
	GlobalSection(SolutionConfigurationPlatforms) = preSolution
		Debug|Any CPU = Debug|Any CPU
		Release|Any CPU = Release|Any CPU
	EndGlobalSection
	GlobalSection(ProjectConfigurationPlatforms) = postSolution
		{7B307686-7054-4422-9AA1-BF284949FCDE}.Debug|Any CPU.ActiveCfg = Debug|Any CPU
		{7B307686-7054-4422-9AA1-BF284949FCDE}.Debug|Any CPU.Build.0 = Debug|Any CPU
		{7B307686-7054-4422-9AA1-BF284949FCDE}.Release|Any CPU.ActiveCfg = Release|Any CPU
		{7B307686-7054-4422-9AA1-BF284949FCDE}.Release|Any CPU.Build.0 = Release|Any CPU
		{7AC7CA5B-007F-43AE-A3F2-E3B2BA2C19CC}.Debug|Any CPU.ActiveCfg = Debug|Any CPU
		{7AC7CA5B-007F-43AE-A3F2-E3B2BA2C19CC}.Debug|Any CPU.Build.0 = Debug|Any CPU
		{7AC7CA5B-007F-43AE-A3F2-E3B2BA2C19CC}.Release|Any CPU.ActiveCfg = Release|Any CPU
		{7AC7CA5B-007F-43AE-A3F2-E3B2BA2C19CC}.Release|Any CPU.Build.0 = Release|Any CPU
		{9A2575DB-FB18-42EF-BB47-624486069583}.Debug|Any CPU.ActiveCfg = Debug|Any CPU
		{9A2575DB-FB18-42EF-BB47-624486069583}.Debug|Any CPU.Build.0 = Debug|Any CPU
		{9A2575DB-FB18-42EF-BB47-624486069583}.Release|Any CPU.ActiveCfg = Release|Any CPU
		{9A2575DB-FB18-42EF-BB47-624486069583}.Release|Any CPU.Build.0 = Release|Any CPU
		{0F642A08-5793-48D1-993D-EC1B5F76240C}.Debug|Any CPU.ActiveCfg = Debug|Any CPU
		{0F642A08-5793-48D1-993D-EC1B5F76240C}.Debug|Any CPU.Build.0 = Debug|Any CPU
		{0F642A08-5793-48D1-993D-EC1B5F76240C}.Release|Any CPU.ActiveCfg = Release|Any CPU
		{0F642A08-5793-48D1-993D-EC1B5F76240C}.Release|Any CPU.Build.0 = Release|Any CPU
	EndGlobalSection
	GlobalSection(SolutionProperties) = preSolution
		HideSolutionNode = FALSE
	EndGlobalSection
	GlobalSection(ExtensibilityGlobals) = postSolution
		SolutionGuid = {C045F1F4-752B-4FFC-AC68-91EF4C882834}
	EndGlobalSection
EndGlobal
